{
  "name": "otbr-web",
  "version": "1.0.0",
  "lockfileVersion": 3,
  "requires": true,
  "packages": {
    "": {
      "name": "otbr-web",
      "version": "1.0.0",
      "license": "BSD-3-Clause",
      "dependencies": {
        "angular": "^1.8.0",
        "angular-animate": "^1.6.4",
        "angular-aria": "^1.6.4",
        "angular-material": "^1.1.4",
        "angular-messages": "^1.6.4",
        "d3": "^3.5.17",
        "material-design-lite": "^1.3.0",
        "qrcode-generator": "^2.0.4"
      }
    },
    "node_modules/angular": {
      "version": "1.8.3",
      "resolved": "https://registry.npmjs.org/angular/-/angular-1.8.3.tgz",
      "integrity": "sha512-5qjkWIQQVsHj4Sb5TcEs4WZWpFeVFHXwxEBHUhrny41D8UrBAd6T/6nPPAsLngJCReIOqi95W3mxdveveutpZw==",
      "deprecated": "For the actively supported Angular, see https://www.npmjs.com/package/@angular/core. AngularJS support has officially ended. For extended AngularJS support options, see https://goo.gle/angularjs-path-forward.",
      "license": "MIT"
    },
    "node_modules/angular-animate": {
      "version": "1.8.3",
      "resolved": "https://registry.npmjs.org/angular-animate/-/angular-animate-1.8.3.tgz",
      "integrity": "sha512-/LtTKvy5sD6MZbV0v+nHgOIpnFF0mrUp+j5WIxVprVhcrJriYpuCZf4S7Owj1o76De/J0eRzANUozNJ6hVepnQ==",
      "deprecated": "For the actively supported Angular, see https://www.npmjs.com/package/@angular/core. AngularJS support has officially ended. For extended AngularJS support options, see https://goo.gle/angularjs-path-forward.",
      "license": "MIT"
    },
    "node_modules/angular-aria": {
      "version": "1.8.3",
      "resolved": "https://registry.npmjs.org/angular-aria/-/angular-aria-1.8.3.tgz",
      "integrity": "sha512-qTXclmTW/KGw5JNKKQPcCKKq6hCBZ39jYINmLgMsjUHBAoxULaMRRTaRj/L2VTOjKvK5f9enkx+EUqRqzXDSFQ==",
      "deprecated": "For the actively supported Angular, see https://www.npmjs.com/package/@angular/core. AngularJS support has officially ended. For extended AngularJS support options, see https://goo.gle/angularjs-path-forward.",
      "license": "MIT"
    },
    "node_modules/angular-material": {
      "version": "1.2.5",
      "resolved": "https://registry.npmjs.org/angular-material/-/angular-material-1.2.5.tgz",
      "integrity": "sha512-bTTDV0vszpfms1tAMzhLntxBiNMCk/I3Mx/vhbtfhijJILODjpDBfWah0nvWrniFIcxMLcsb1tcPri13hZEaew==",
      "deprecated": "For the actively supported Angular Material, see https://www.npmjs.com/package/@angular/material. AngularJS support has officially ended. For extended AngularJS support options, see https://goo.gle/angularjs-path-forward.",
      "license": "MIT",
      "peerDependencies": {
        "angular": "^1.7.2",
        "angular-animate": "^1.7.2",
        "angular-aria": "^1.7.2",
        "angular-messages": "^1.7.2"
      }
    },
    "node_modules/angular-messages": {
      "version": "1.8.3",
      "resolved": "https://registry.npmjs.org/angular-messages/-/angular-messages-1.8.3.tgz",
      "integrity": "sha512-f/ywtg32lqzX8FnXkBJOyn13lbCbo333/xy/5TTFcsH/gZdXoiuERj+dLTOs8xHCkOeFQhFx0VD0DgtMgSag7A==",
      "license": "MIT"
    },
    "node_modules/d3": {
      "version": "3.5.17",
      "resolved": "https://registry.npmjs.org/d3/-/d3-3.5.17.tgz",
      "integrity": "sha512-yFk/2idb8OHPKkbAL8QaOaqENNoMhIaSHZerk3oQsECwkObkCpJyjYwCe+OHiq6UEdhe1m8ZGARRRO3ljFjlKg==",
      "license": "BSD-3-Clause"
    },
    "node_modules/material-design-lite": {
      "version": "1.3.0",
      "resolved": "https://registry.npmjs.org/material-design-lite/-/material-design-lite-1.3.0.tgz",
      "integrity": "sha512-ao76b0bqSTKcEMt7Pui+J/S3eVF0b3GWfuKUwfe2lP5DKlLZOwBq37e0/bXEzxrw7/SuHAuYAdoCwY6mAYhrsg==",
      "license": "Apache-2.0",
      "engines": {
        "node": ">=0.12.0"
      }
    },
    "node_modules/qrcode-generator": {
      "version": "2.0.4",
      "resolved": "https://registry.npmjs.org/qrcode-generator/-/qrcode-generator-2.0.4.tgz",
      "integrity": "sha512-mZSiP6RnbHl4xL2Ap5HfkjLnmxfKcPWpWe/c+5XxCuetEenqmNFf1FH/ftXPCtFG5/TDobjsjz6sSNL0Sr8Z9g==",
      "license": "MIT"
    }
  }
}
