{
  "name": "otbr-web",
  "version": "1.0.0",
  "lockfileVersion": 3,
  "requires": true,
  "packages": {
    "": {
      "name": "otbr-web",
      "version": "1.0.0",
      "license": "BSD-3-Clause",
      "dependencies": {
        "angular": "^1.8.0",
        "angular-animate": "^1.6.4",
        "angular-aria": "^1.6.4",
        "angular-material": "^1.1.4",
        "angular-messages": "^1.6.4",
        "d3": "^3.5.17",
        "material-design-lite": "^1.3.0",
        "qrcode-generator": "^2.0.4"
      }
    },
    "node_modules/angular": {
      "version": "1.8.0",
      "resolved": "https://registry.npmjs.org/angular/-/angular-1.8.0.tgz",
      "integrity": "sha512-VdaMx+Qk0Skla7B5gw77a8hzlcOakwF8mjlW13DpIWIDlfqwAbSSLfd8N/qZnzEmQF4jC4iofInd3gE7vL8ZZg==",
      "deprecated": "For the actively supported Angular, see https://www.npmjs.com/package/@angular/core. AngularJS support has officially ended. For extended AngularJS support options, see https://goo.gle/angularjs-path-forward."
    },
    "node_modules/angular-animate": {
      "version": "1.6.4",
      "resolved": "https://registry.npmjs.org/angular-animate/-/angular-animate-1.6.4.tgz",
      "integrity": "sha1-0+uQbTmDTy373Zgua416O02QAdI=",
      "deprecated": "For the actively supported Angular, see https://www.npmjs.com/package/@angular/core. AngularJS support has officially ended. For extended AngularJS support options, see https://goo.gle/angularjs-path-forward."
    },
    "node_modules/angular-aria": {
      "version": "1.6.4",
      "resolved": "https://registry.npmjs.org/angular-aria/-/angular-aria-1.6.4.tgz",
      "integrity": "sha1-yGg2ZqzhlmaPaOciCBG9z8nhBuQ=",
      "deprecated": "For the actively supported Angular, see https://www.npmjs.com/package/@angular/core. AngularJS support has officially ended. For extended AngularJS support options, see https://goo.gle/angularjs-path-forward."
    },
    "node_modules/angular-material": {
      "version": "1.1.4",
      "resolved": "https://registry.npmjs.org/angular-material/-/angular-material-1.1.4.tgz",
      "integrity": "sha1-J941ZG9UzNMgCArwxwjhtDivh/Y=",
      "deprecated": "For the actively supported Angular Material, see https://www.npmjs.com/package/@angular/material. AngularJS support has officially ended. For extended AngularJS support options, see https://goo.gle/angularjs-path-forward.",
      "peerDependencies": {
        "angular": ">=1.3 <1.7",
        "angular-animate": ">=1.3 <1.7",
        "angular-aria": ">=1.3 <1.7"
      }
    },
    "node_modules/angular-messages": {
      "version": "1.6.4",
      "resolved": "https://registry.npmjs.org/angular-messages/-/angular-messages-1.6.4.tgz",
      "integrity": "sha1-nsnBOTKTsU3lQWHS+El3ZInpgP4="
    },
    "node_modules/d3": {
      "version": "3.5.17",
      "resolved": "https://registry.npmjs.org/d3/-/d3-3.5.17.tgz",
      "integrity": "sha1-vEZ0gAQ3iyGjYMn8fPUjF5B2L7g="
    },
    "node_modules/material-design-lite": {
      "version": "1.3.0",
      "resolved": "https://registry.npmjs.org/material-design-lite/-/material-design-lite-1.3.0.tgz",
      "integrity": "sha1-0ATOP+6Zoe63Sni4oyUTSl8RcdM=",
      "engines": {
        "node": ">=0.12.0"
      }
    },
    "node_modules/qrcode-generator": {
      "version": "2.0.4",
      "resolved": "https://registry.npmjs.org/qrcode-generator/-/qrcode-generator-2.0.4.tgz",
      "integrity": "sha512-mZSiP6RnbHl4xL2Ap5HfkjLnmxfKcPWpWe/c+5XxCuetEenqmNFf1FH/ftXPCtFG5/TDobjsjz6sSNL0Sr8Z9g==",
      "license": "MIT"
    }
  }
}
